<?xml version="1.0" encoding="utf-8"?>
<Project ToolsVersion="4.0" xmlns="http://schemas.microsoft.com/developer/msbuild/2003">
  <ItemGroup>
    <Filter Include="Source Files">
      <UniqueIdentifier>{4FC737F1-C7A5-4376-A066-2A32D752A2FF}</UniqueIdentifier>
      <Extensions>cpp;c;cc;cxx;c++;cppm;ixx;def;odl;idl;hpj;bat;asm;asmx</Extensions>
    </Filter>
    <Filter Include="Resource Files">
      <UniqueIdentifier>{67DA6AB6-F800-4c08-8B7A-83BB121AAD01}</UniqueIdentifier>
      <Extensions>rc;ico;cur;bmp;dlg;rc2;rct;bin;rgs;gif;jpg;jpeg;jpe;resx;tiff;tif;png;wav;mfcribbon-ms</Extensions>
    </Filter>
    <Filter Include="Source Files\external">
      <UniqueIdentifier>{f6fc50a6-d492-4fb3-9463-af8fdc6ed9fe}</UniqueIdentifier>
    </Filter>
    <Filter Include="Source Files\external\tinyxml2">
      <UniqueIdentifier>{0f46942a-aac5-4760-ac3f-5c1ccae1ac11}</UniqueIdentifier>
    </Filter>
  </ItemGroup>
  <ItemGroup>
    <ClCompile Include="Main.cpp">
      <Filter>Source Files</Filter>
    </ClCompile>
    <ClCompile Include="PropertyAbs.cpp">
      <Filter>Source Files</Filter>
    </ClCompile>
    <ClCompile Include="PropertyString.cpp">
      <Filter>Source Files</Filter>
    </ClCompile>
    <ClCompile Include="PropertyFloat.cpp">
      <Filter>Source Files</Filter>
    </ClCompile>
    <ClCompile Include="external\tinyxml2\tinyxml2.cpp">
      <Filter>Source Files\external\tinyxml2</Filter>
    </ClCompile>
    <ClCompile Include="PropertyOwner.cpp">
      <Filter>Source Files</Filter>
    </ClCompile>
    <ClCompile Include="UnitInfo.cpp">
      <Filter>Source Files</Filter>
    </ClCompile>
    <ClCompile Include="Simulator.cpp">
      <Filter>Source Files</Filter>
    </ClCompile>
    <ClCompile Include="UnitBank.cpp">
      <Filter>Source Files</Filter>
    </ClCompile>
  </ItemGroup>
  <ItemGroup>
    <ClInclude Include="PropertyAbs.hpp">
      <Filter>Source Files</Filter>
    </ClInclude>
    <ClInclude Include="PropertyString.hpp">
      <Filter>Source Files</Filter>
    </ClInclude>
    <ClInclude Include="PropertyFloat.hpp">
      <Filter>Source Files</Filter>
    </ClInclude>
    <ClInclude Include="PropertyOwner.hpp">
      <Filter>Source Files</Filter>
    </ClInclude>
    <ClInclude Include="external\tinyxml2\tinyxml2.h">
      <Filter>Source Files\external\tinyxml2</Filter>
    </ClInclude>
    <ClInclude Include="UnitInfo.hpp">
      <Filter>Source Files</Filter>
    </ClInclude>
    <ClInclude Include="Simulator.hpp">
      <Filter>Source Files</Filter>
    </ClInclude>
    <ClInclude Include="UnitBank.hpp">
      <Filter>Source Files</Filter>
    </ClInclude>
  </ItemGroup>
  <ItemGroup>
    <Xml Include="Units.xml">
      <Filter>Resource Files</Filter>
    </Xml>
  </ItemGroup>
</Project>